
Microsoft Visual Studio Solution File, Format Version 12.00
# Visual Studio 15
VisualStudioVersion = 15.0.28307.168
MinimumVisualStudioVersion = 10.0.40219.1
Project("{FAE04EC0-301F-11D3-BF4B-00C04F79EFBC}") = "APIAplication", "APIAplication\APIAplication.csproj", "{29E92577-5E58-42EB-BC09-41D2503CF5F8}"
EndProject
Project("{FAE04EC0-301F-11D3-BF4B-00C04F79EFBC}") = "DataObject", "DataObject\DataObject.csproj", "{DD49F34A-D353-41B9-93FE-8E91F979B90C}"
EndProject
Project("{FAE04EC0-301F-11D3-BF4B-00C04F79EFBC}") = "DataService", "DataAccess\DataService.csproj", "{CBAC0E08-F53D-4286-8328-5C16C34CA9AF}"
EndProject
Global
	GlobalSection(SolutionConfigurationPlatforms) = preSolution
		Debug|Any CPU = Debug|Any CPU
		Release|Any CPU = Release|Any CPU
	EndGlobalSection
	GlobalSection(ProjectConfigurationPlatforms) = postSolution
		{29E92577-5E58-42EB-BC09-41D2503CF5F8}.Debug|Any CPU.ActiveCfg = Debug|Any CPU
		{29E92577-5E58-42EB-BC09-41D2503CF5F8}.Debug|Any CPU.Build.0 = Debug|Any CPU
		{29E92577-5E58-42EB-BC09-41D2503CF5F8}.Release|Any CPU.ActiveCfg = Release|Any CPU
		{29E92577-5E58-42EB-BC09-41D2503CF5F8}.Release|Any CPU.Build.0 = Release|Any CPU
		{DD49F34A-D353-41B9-93FE-8E91F979B90C}.Debug|Any CPU.ActiveCfg = Debug|Any CPU
		{DD49F34A-D353-41B9-93FE-8E91F979B90C}.Debug|Any CPU.Build.0 = Debug|Any CPU
		{DD49F34A-D353-41B9-93FE-8E91F979B90C}.Release|Any CPU.ActiveCfg = Release|Any CPU
		{DD49F34A-D353-41B9-93FE-8E91F979B90C}.Release|Any CPU.Build.0 = Release|Any CPU
		{CBAC0E08-F53D-4286-8328-5C16C34CA9AF}.Debug|Any CPU.ActiveCfg = Debug|Any CPU
		{CBAC0E08-F53D-4286-8328-5C16C34CA9AF}.Debug|Any CPU.Build.0 = Debug|Any CPU
		{CBAC0E08-F53D-4286-8328-5C16C34CA9AF}.Release|Any CPU.ActiveCfg = Release|Any CPU
		{CBAC0E08-F53D-4286-8328-5C16C34CA9AF}.Release|Any CPU.Build.0 = Release|Any CPU
	EndGlobalSection
	GlobalSection(SolutionProperties) = preSolution
		HideSolutionNode = FALSE
	EndGlobalSection
	GlobalSection(ExtensibilityGlobals) = postSolution
		SolutionGuid = {65DF3C69-A0DD-410A-81C8-E1A34C197F7E}
	EndGlobalSection
EndGlobal
